
Microsoft Visual Studio Solution File, Format Version 12.00
# Visual Studio Version 17
VisualStudioVersion = 17.7.34202.233
MinimumVisualStudioVersion = 10.0.40219.1
Project("{2150E333-8FDC-42A3-9474-1A3956D46DE8}") = "Practic", "Practic", "{2F2733E5-E870-41C8-809E-44FDE1D76C39}"
EndProject
Project("{FAE04EC0-301F-11D3-BF4B-00C04F79EFBC}") = "Practic_1", "Practic\Practic_1\Practic_1.csproj", "{0BCE6A3C-269B-4BC1-B736-26C04EEC76DA}"
EndProject
Project("{FAE04EC0-301F-11D3-BF4B-00C04F79EFBC}") = "Practic_2", "Practic\Practic_2\Practic_2.csproj", "{42C904BA-04AD-4FE4-9360-A7B3BBD4B0A1}"
EndProject
Project("{FAE04EC0-301F-11D3-BF4B-00C04F79EFBC}") = "Practic_3", "Practic_3\Practic_3.csproj", "{2F958FB4-F962-4092-AB5A-DD9AD5CEB365}"
EndProject
Global
	GlobalSection(SolutionConfigurationPlatforms) = preSolution
		Debug|Any CPU = Debug|Any CPU
		Release|Any CPU = Release|Any CPU
	EndGlobalSection
	GlobalSection(ProjectConfigurationPlatforms) = postSolution
		{0BCE6A3C-269B-4BC1-B736-26C04EEC76DA}.Debug|Any CPU.ActiveCfg = Debug|Any CPU
		{0BCE6A3C-269B-4BC1-B736-26C04EEC76DA}.Debug|Any CPU.Build.0 = Debug|Any CPU
		{0BCE6A3C-269B-4BC1-B736-26C04EEC76DA}.Release|Any CPU.ActiveCfg = Release|Any CPU
		{0BCE6A3C-269B-4BC1-B736-26C04EEC76DA}.Release|Any CPU.Build.0 = Release|Any CPU
		{42C904BA-04AD-4FE4-9360-A7B3BBD4B0A1}.Debug|Any CPU.ActiveCfg = Debug|Any CPU
		{42C904BA-04AD-4FE4-9360-A7B3BBD4B0A1}.Debug|Any CPU.Build.0 = Debug|Any CPU
		{42C904BA-04AD-4FE4-9360-A7B3BBD4B0A1}.Release|Any CPU.ActiveCfg = Release|Any CPU
		{42C904BA-04AD-4FE4-9360-A7B3BBD4B0A1}.Release|Any CPU.Build.0 = Release|Any CPU
		{2F958FB4-F962-4092-AB5A-DD9AD5CEB365}.Debug|Any CPU.ActiveCfg = Debug|Any CPU
		{2F958FB4-F962-4092-AB5A-DD9AD5CEB365}.Debug|Any CPU.Build.0 = Debug|Any CPU
		{2F958FB4-F962-4092-AB5A-DD9AD5CEB365}.Release|Any CPU.ActiveCfg = Release|Any CPU
		{2F958FB4-F962-4092-AB5A-DD9AD5CEB365}.Release|Any CPU.Build.0 = Release|Any CPU
	EndGlobalSection
	GlobalSection(SolutionProperties) = preSolution
		HideSolutionNode = FALSE
	EndGlobalSection
	GlobalSection(NestedProjects) = preSolution
		{0BCE6A3C-269B-4BC1-B736-26C04EEC76DA} = {2F2733E5-E870-41C8-809E-44FDE1D76C39}
		{42C904BA-04AD-4FE4-9360-A7B3BBD4B0A1} = {2F2733E5-E870-41C8-809E-44FDE1D76C39}
		{2F958FB4-F962-4092-AB5A-DD9AD5CEB365} = {2F2733E5-E870-41C8-809E-44FDE1D76C39}
	EndGlobalSection
	GlobalSection(ExtensibilityGlobals) = postSolution
		SolutionGuid = {778D27CC-7FC3-4D9C-B470-D02ACA370405}
	EndGlobalSection
EndGlobal
